// !$*UTF8*$!
{
	archiveVersion = 1;
	classes = {
	};
	objectVersion = 50;
	objects = {

/* Begin PBXBuildFile section */
		822B4E6F26E9024B00DECDB7 /* MemberWiseApp.swift in Sources */ = {isa = PBXBuildFile; fileRef = 822B4E6E26E9024B00DECDB7 /* MemberWiseApp.swift */; };
		822B4E7326E9024C00DECDB7 /* Assets.xcassets in Resources */ = {isa = PBXBuildFile; fileRef = 822B4E7226E9024C00DECDB7 /* Assets.xcassets */; };
		822B4E7626E9024C00DECDB7 /* Preview Assets.xcassets in Resources */ = {isa = PBXBuildFile; fileRef = 822B4E7526E9024C00DECDB7 /* Preview Assets.xcassets */; };
		822B4E8126E9024C00DECDB7 /* MemberWiseTests.swift in Sources */ = {isa = PBXBuildFile; fileRef = 822B4E8026E9024C00DECDB7 /* MemberWiseTests.swift */; };
		822B4E8C26E9024C00DECDB7 /* MemberWiseUITests.swift in Sources */ = {isa = PBXBuildFile; fileRef = 822B4E8B26E9024C00DECDB7 /* MemberWiseUITests.swift */; };
		822B4EA326E902A700DECDB7 /* ProximaNova-Regular.otf in Resources */ = {isa = PBXBuildFile; fileRef = 822B4E9A26E902A600DECDB7 /* ProximaNova-Regular.otf */; };
		822B4EA426E902A700DECDB7 /* ProximaNova-Alt-Light.otf in Resources */ = {isa = PBXBuildFile; fileRef = 822B4E9B26E902A700DECDB7 /* ProximaNova-Alt-Light.otf */; };
		822B4EA526E902A700DECDB7 /* ProximaNova-Thin.otf in Resources */ = {isa = PBXBuildFile; fileRef = 822B4E9C26E902A700DECDB7 /* ProximaNova-Thin.otf */; };
		822B4EA626E902A700DECDB7 /* ProximaNova-Semibold.otf in Resources */ = {isa = PBXBuildFile; fileRef = 822B4E9D26E902A700DECDB7 /* ProximaNova-Semibold.otf */; };
		822B4EA726E902A700DECDB7 /* ProximaNova-Alt-Bold.otf in Resources */ = {isa = PBXBuildFile; fileRef = 822B4E9E26E902A700DECDB7 /* ProximaNova-Alt-Bold.otf */; };
		822B4EA826E902A700DECDB7 /* ProximaNova-Black.otf in Resources */ = {isa = PBXBuildFile; fileRef = 822B4E9F26E902A700DECDB7 /* ProximaNova-Black.otf */; };
		822B4EA926E902A700DECDB7 /* ProximaNova-Extrabold.otf in Resources */ = {isa = PBXBuildFile; fileRef = 822B4EA026E902A700DECDB7 /* ProximaNova-Extrabold.otf */; };
		822B4EAA26E902A700DECDB7 /* Proxima Nova Black.otf in Resources */ = {isa = PBXBuildFile; fileRef = 822B4EA126E902A700DECDB7 /* Proxima Nova Black.otf */; };
		822B4EAB26E902A700DECDB7 /* ProximaNova-Alt-Thin.otf in Resources */ = {isa = PBXBuildFile; fileRef = 822B4EA226E902A700DECDB7 /* ProximaNova-Alt-Thin.otf */; };
		822B4EAD26E902B700DECDB7 /* CustomFonts.swift in Sources */ = {isa = PBXBuildFile; fileRef = 822B4EAC26E902B700DECDB7 /* CustomFonts.swift */; };
		822B4EB026E902F200DECDB7 /* View+Extensions.swift in Sources */ = {isa = PBXBuildFile; fileRef = 822B4EAF26E902F200DECDB7 /* View+Extensions.swift */; };
		822B4EB326E9031A00DECDB7 /* MemoryGame.swift in Sources */ = {isa = PBXBuildFile; fileRef = 822B4EB226E9031A00DECDB7 /* MemoryGame.swift */; };
		822B4EB626E9036500DECDB7 /* EmojiMemoryGameView.swift in Sources */ = {isa = PBXBuildFile; fileRef = 822B4EB526E9036500DECDB7 /* EmojiMemoryGameView.swift */; };
		822B4EB926E9039000DECDB7 /* EmojiMemoryGame.swift in Sources */ = {isa = PBXBuildFile; fileRef = 822B4EB826E9039000DECDB7 /* EmojiMemoryGame.swift */; };
		822B4EBB26E903BF00DECDB7 /* CardView.swift in Sources */ = {isa = PBXBuildFile; fileRef = 822B4EBA26E903BF00DECDB7 /* CardView.swift */; };
		822B4EBD26E91A6800DECDB7 /* AspectVGrid.swift in Sources */ = {isa = PBXBuildFile; fileRef = 822B4EBC26E91A6800DECDB7 /* AspectVGrid.swift */; };
		827B0B3526E9310C0030D40C /* PieShape.swift in Sources */ = {isa = PBXBuildFile; fileRef = 827B0B3426E9310C0030D40C /* PieShape.swift */; };
/* End PBXBuildFile section */

/* Begin PBXContainerItemProxy section */
		822B4E7D26E9024C00DECDB7 /* PBXContainerItemProxy */ = {
			isa = PBXContainerItemProxy;
			containerPortal = 822B4E6326E9024B00DECDB7 /* Project object */;
			proxyType = 1;
			remoteGlobalIDString = 822B4E6A26E9024B00DECDB7;
			remoteInfo = MemberWise;
		};
		822B4E8826E9024C00DECDB7 /* PBXContainerItemProxy */ = {
			isa = PBXContainerItemProxy;
			containerPortal = 822B4E6326E9024B00DECDB7 /* Project object */;
			proxyType = 1;
			remoteGlobalIDString = 822B4E6A26E9024B00DECDB7;
			remoteInfo = MemberWise;
		};
/* End PBXContainerItemProxy section */

/* Begin PBXFileReference section */
		822B4E6B26E9024B00DECDB7 /* MemberWise.app */ = {isa = PBXFileReference; explicitFileType = wrapper.application; includeInIndex = 0; path = MemberWise.app; sourceTree = BUILT_PRODUCTS_DIR; };
		822B4E6E26E9024B00DECDB7 /* MemberWiseApp.swift */ = {isa = PBXFileReference; lastKnownFileType = sourcecode.swift; path = MemberWiseApp.swift; sourceTree = "<group>"; };
		822B4E7226E9024C00DECDB7 /* Assets.xcassets */ = {isa = PBXFileReference; lastKnownFileType = folder.assetcatalog; path = Assets.xcassets; sourceTree = "<group>"; };
		822B4E7526E9024C00DECDB7 /* Preview Assets.xcassets */ = {isa = PBXFileReference; lastKnownFileType = folder.assetcatalog; path = "Preview Assets.xcassets"; sourceTree = "<group>"; };
		822B4E7726E9024C00DECDB7 /* Info.plist */ = {isa = PBXFileReference; lastKnownFileType = text.plist.xml; path = Info.plist; sourceTree = "<group>"; };
		822B4E7C26E9024C00DECDB7 /* MemberWiseTests.xctest */ = {isa = PBXFileReference; explicitFileType = wrapper.cfbundle; includeInIndex = 0; path = MemberWiseTests.xctest; sourceTree = BUILT_PRODUCTS_DIR; };
		822B4E8026E9024C00DECDB7 /* MemberWiseTests.swift */ = {isa = PBXFileReference; lastKnownFileType = sourcecode.swift; path = MemberWiseTests.swift; sourceTree = "<group>"; };
		822B4E8226E9024C00DECDB7 /* Info.plist */ = {isa = PBXFileReference; lastKnownFileType = text.plist.xml; path = Info.plist; sourceTree = "<group>"; };
		822B4E8726E9024C00DECDB7 /* MemberWiseUITests.xctest */ = {isa = PBXFileReference; explicitFileType = wrapper.cfbundle; includeInIndex = 0; path = MemberWiseUITests.xctest; sourceTree = BUILT_PRODUCTS_DIR; };
		822B4E8B26E9024C00DECDB7 /* MemberWiseUITests.swift */ = {isa = PBXFileReference; lastKnownFileType = sourcecode.swift; path = MemberWiseUITests.swift; sourceTree = "<group>"; };
		822B4E8D26E9024C00DECDB7 /* Info.plist */ = {isa = PBXFileReference; lastKnownFileType = text.plist.xml; path = Info.plist; sourceTree = "<group>"; };
		822B4E9A26E902A600DECDB7 /* ProximaNova-Regular.otf */ = {isa = PBXFileReference; lastKnownFileType = file; path = "ProximaNova-Regular.otf"; sourceTree = "<group>"; };
		822B4E9B26E902A700DECDB7 /* ProximaNova-Alt-Light.otf */ = {isa = PBXFileReference; lastKnownFileType = file; path = "ProximaNova-Alt-Light.otf"; sourceTree = "<group>"; };
		822B4E9C26E902A700DECDB7 /* ProximaNova-Thin.otf */ = {isa = PBXFileReference; lastKnownFileType = file; path = "ProximaNova-Thin.otf"; sourceTree = "<group>"; };
		822B4E9D26E902A700DECDB7 /* ProximaNova-Semibold.otf */ = {isa = PBXFileReference; lastKnownFileType = file; path = "ProximaNova-Semibold.otf"; sourceTree = "<group>"; };
		822B4E9E26E902A700DECDB7 /* ProximaNova-Alt-Bold.otf */ = {isa = PBXFileReference; lastKnownFileType = file; path = "ProximaNova-Alt-Bold.otf"; sourceTree = "<group>"; };
		822B4E9F26E902A700DECDB7 /* ProximaNova-Black.otf */ = {isa = PBXFileReference; lastKnownFileType = file; path = "ProximaNova-Black.otf"; sourceTree = "<group>"; };
		822B4EA026E902A700DECDB7 /* ProximaNova-Extrabold.otf */ = {isa = PBXFileReference; lastKnownFileType = file; path = "ProximaNova-Extrabold.otf"; sourceTree = "<group>"; };
		822B4EA126E902A700DECDB7 /* Proxima Nova Black.otf */ = {isa = PBXFileReference; lastKnownFileType = file; path = "Proxima Nova Black.otf"; sourceTree = "<group>"; };
		822B4EA226E902A700DECDB7 /* ProximaNova-Alt-Thin.otf */ = {isa = PBXFileReference; lastKnownFileType = file; path = "ProximaNova-Alt-Thin.otf"; sourceTree = "<group>"; };
		822B4EAC26E902B700DECDB7 /* CustomFonts.swift */ = {isa = PBXFileReference; lastKnownFileType = sourcecode.swift; path = CustomFonts.swift; sourceTree = "<group>"; };
		822B4EAF26E902F200DECDB7 /* View+Extensions.swift */ = {isa = PBXFileReference; lastKnownFileType = sourcecode.swift; path = "View+Extensions.swift"; sourceTree = "<group>"; };
		822B4EB226E9031A00DECDB7 /* MemoryGame.swift */ = {isa = PBXFileReference; lastKnownFileType = sourcecode.swift; path = MemoryGame.swift; sourceTree = "<group>"; };
		822B4EB526E9036500DECDB7 /* EmojiMemoryGameView.swift */ = {isa = PBXFileReference; lastKnownFileType = sourcecode.swift; path = EmojiMemoryGameView.swift; sourceTree = "<group>"; };
		822B4EB826E9039000DECDB7 /* EmojiMemoryGame.swift */ = {isa = PBXFileReference; lastKnownFileType = sourcecode.swift; path = EmojiMemoryGame.swift; sourceTree = "<group>"; };
		822B4EBA26E903BF00DECDB7 /* CardView.swift */ = {isa = PBXFileReference; lastKnownFileType = sourcecode.swift; path = CardView.swift; sourceTree = "<group>"; };
		822B4EBC26E91A6800DECDB7 /* AspectVGrid.swift */ = {isa = PBXFileReference; lastKnownFileType = sourcecode.swift; path = AspectVGrid.swift; sourceTree = "<group>"; };
		827B0B3426E9310C0030D40C /* PieShape.swift */ = {isa = PBXFileReference; lastKnownFileType = sourcecode.swift; path = PieShape.swift; sourceTree = "<group>"; };
/* End PBXFileReference section */

/* Begin PBXFrameworksBuildPhase section */
		822B4E6826E9024B00DECDB7 /* Frameworks */ = {
			isa = PBXFrameworksBuildPhase;
			buildActionMask = 2147483647;
			files = (
			);
			runOnlyForDeploymentPostprocessing = 0;
		};
		822B4E7926E9024C00DECDB7 /* Frameworks */ = {
			isa = PBXFrameworksBuildPhase;
			buildActionMask = 2147483647;
			files = (
			);
			runOnlyForDeploymentPostprocessing = 0;
		};
		822B4E8426E9024C00DECDB7 /* Frameworks */ = {
			isa = PBXFrameworksBuildPhase;
			buildActionMask = 2147483647;
			files = (
			);
			runOnlyForDeploymentPostprocessing = 0;
		};
/* End PBXFrameworksBuildPhase section */

/* Begin PBXGroup section */
		822B4E6226E9024B00DECDB7 = {
			isa = PBXGroup;
			children = (
				822B4E6D26E9024B00DECDB7 /* MemberWise */,
				822B4E7F26E9024C00DECDB7 /* MemberWiseTests */,
				822B4E8A26E9024C00DECDB7 /* MemberWiseUITests */,
				822B4E6C26E9024B00DECDB7 /* Products */,
			);
			sourceTree = "<group>";
		};
		822B4E6C26E9024B00DECDB7 /* Products */ = {
			isa = PBXGroup;
			children = (
				822B4E6B26E9024B00DECDB7 /* MemberWise.app */,
				822B4E7C26E9024C00DECDB7 /* MemberWiseTests.xctest */,
				822B4E8726E9024C00DECDB7 /* MemberWiseUITests.xctest */,
			);
			name = Products;
			sourceTree = "<group>";
		};
		822B4E6D26E9024B00DECDB7 /* MemberWise */ = {
			isa = PBXGroup;
			children = (
				822B4E6E26E9024B00DECDB7 /* MemberWiseApp.swift */,
				822B4EB726E9038200DECDB7 /* ViewModels */,
				822B4EB126E9030900DECDB7 /* Models */,
				822B4EB426E9035500DECDB7 /* Views */,
				822B4EAE26E902E100DECDB7 /* Extensions */,
				822B4E9926E9029600DECDB7 /* Fonts */,
				822B4E7226E9024C00DECDB7 /* Assets.xcassets */,
				822B4E7726E9024C00DECDB7 /* Info.plist */,
				822B4E7426E9024C00DECDB7 /* Preview Content */,
			);
			path = MemberWise;
			sourceTree = "<group>";
		};
		822B4E7426E9024C00DECDB7 /* Preview Content */ = {
			isa = PBXGroup;
			children = (
				822B4E7526E9024C00DECDB7 /* Preview Assets.xcassets */,
			);
			path = "Preview Content";
			sourceTree = "<group>";
		};
		822B4E7F26E9024C00DECDB7 /* MemberWiseTests */ = {
			isa = PBXGroup;
			children = (
				822B4E8026E9024C00DECDB7 /* MemberWiseTests.swift */,
				822B4E8226E9024C00DECDB7 /* Info.plist */,
			);
			path = MemberWiseTests;
			sourceTree = "<group>";
		};
		822B4E8A26E9024C00DECDB7 /* MemberWiseUITests */ = {
			isa = PBXGroup;
			children = (
				822B4E8B26E9024C00DECDB7 /* MemberWiseUITests.swift */,
				822B4E8D26E9024C00DECDB7 /* Info.plist */,
			);
			path = MemberWiseUITests;
			sourceTree = "<group>";
		};
		822B4E9926E9029600DECDB7 /* Fonts */ = {
			isa = PBXGroup;
			children = (
				822B4EA126E902A700DECDB7 /* Proxima Nova Black.otf */,
				822B4E9E26E902A700DECDB7 /* ProximaNova-Alt-Bold.otf */,
				822B4E9B26E902A700DECDB7 /* ProximaNova-Alt-Light.otf */,
				822B4EA226E902A700DECDB7 /* ProximaNova-Alt-Thin.otf */,
				822B4E9F26E902A700DECDB7 /* ProximaNova-Black.otf */,
				822B4EA026E902A700DECDB7 /* ProximaNova-Extrabold.otf */,
				822B4E9A26E902A600DECDB7 /* ProximaNova-Regular.otf */,
				822B4E9D26E902A700DECDB7 /* ProximaNova-Semibold.otf */,
				822B4E9C26E902A700DECDB7 /* ProximaNova-Thin.otf */,
				822B4EAC26E902B700DECDB7 /* CustomFonts.swift */,
			);
			path = Fonts;
			sourceTree = "<group>";
		};
		822B4EAE26E902E100DECDB7 /* Extensions */ = {
			isa = PBXGroup;
			children = (
				822B4EAF26E902F200DECDB7 /* View+Extensions.swift */,
			);
			path = Extensions;
			sourceTree = "<group>";
		};
		822B4EB126E9030900DECDB7 /* Models */ = {
			isa = PBXGroup;
			children = (
				822B4EB226E9031A00DECDB7 /* MemoryGame.swift */,
			);
			path = Models;
			sourceTree = "<group>";
		};
		822B4EB426E9035500DECDB7 /* Views */ = {
			isa = PBXGroup;
			children = (
				822B4EB526E9036500DECDB7 /* EmojiMemoryGameView.swift */,
				822B4EBA26E903BF00DECDB7 /* CardView.swift */,
				822B4EBC26E91A6800DECDB7 /* AspectVGrid.swift */,
				827B0B3426E9310C0030D40C /* PieShape.swift */,
			);
			path = Views;
			sourceTree = "<group>";
		};
		822B4EB726E9038200DECDB7 /* ViewModels */ = {
			isa = PBXGroup;
			children = (
				822B4EB826E9039000DECDB7 /* EmojiMemoryGame.swift */,
			);
			path = ViewModels;
			sourceTree = "<group>";
		};
/* End PBXGroup section */

/* Begin PBXNativeTarget section */
		822B4E6A26E9024B00DECDB7 /* MemberWise */ = {
			isa = PBXNativeTarget;
			buildConfigurationList = 822B4E9026E9024C00DECDB7 /* Build configuration list for PBXNativeTarget "MemberWise" */;
			buildPhases = (
				822B4E6726E9024B00DECDB7 /* Sources */,
				822B4E6826E9024B00DECDB7 /* Frameworks */,
				822B4E6926E9024B00DECDB7 /* Resources */,
			);
			buildRules = (
			);
			dependencies = (
			);
			name = MemberWise;
			productName = MemberWise;
			productReference = 822B4E6B26E9024B00DECDB7 /* MemberWise.app */;
			productType = "com.apple.product-type.application";
		};
		822B4E7B26E9024C00DECDB7 /* MemberWiseTests */ = {
			isa = PBXNativeTarget;
			buildConfigurationList = 822B4E9326E9024C00DECDB7 /* Build configuration list for PBXNativeTarget "MemberWiseTests" */;
			buildPhases = (
				822B4E7826E9024C00DECDB7 /* Sources */,
				822B4E7926E9024C00DECDB7 /* Frameworks */,
				822B4E7A26E9024C00DECDB7 /* Resources */,
			);
			buildRules = (
			);
			dependencies = (
				822B4E7E26E9024C00DECDB7 /* PBXTargetDependency */,
			);
			name = MemberWiseTests;
			productName = MemberWiseTests;
			productReference = 822B4E7C26E9024C00DECDB7 /* MemberWiseTests.xctest */;
			productType = "com.apple.product-type.bundle.unit-test";
		};
		822B4E8626E9024C00DECDB7 /* MemberWiseUITests */ = {
			isa = PBXNativeTarget;
			buildConfigurationList = 822B4E9626E9024C00DECDB7 /* Build configuration list for PBXNativeTarget "MemberWiseUITests" */;
			buildPhases = (
				822B4E8326E9024C00DECDB7 /* Sources */,
				822B4E8426E9024C00DECDB7 /* Frameworks */,
				822B4E8526E9024C00DECDB7 /* Resources */,
			);
			buildRules = (
			);
			dependencies = (
				822B4E8926E9024C00DECDB7 /* PBXTargetDependency */,
			);
			name = MemberWiseUITests;
			productName = MemberWiseUITests;
			productReference = 822B4E8726E9024C00DECDB7 /* MemberWiseUITests.xctest */;
			productType = "com.apple.product-type.bundle.ui-testing";
		};
/* End PBXNativeTarget section */

/* Begin PBXProject section */
		822B4E6326E9024B00DECDB7 /* Project object */ = {
			isa = PBXProject;
			attributes = {
				LastSwiftUpdateCheck = 1250;
				LastUpgradeCheck = 1250;
				TargetAttributes = {
					822B4E6A26E9024B00DECDB7 = {
						CreatedOnToolsVersion = 12.5.1;
					};
					822B4E7B26E9024C00DECDB7 = {
						CreatedOnToolsVersion = 12.5.1;
						TestTargetID = 822B4E6A26E9024B00DECDB7;
					};
					822B4E8626E9024C00DECDB7 = {
						CreatedOnToolsVersion = 12.5.1;
						TestTargetID = 822B4E6A26E9024B00DECDB7;
					};
				};
			};
			buildConfigurationList = 822B4E6626E9024B00DECDB7 /* Build configuration list for PBXProject "MemberWise" */;
			compatibilityVersion = "Xcode 9.3";
			developmentRegion = en;
			hasScannedForEncodings = 0;
			knownRegions = (
				en,
				Base,
			);
			mainGroup = 822B4E6226E9024B00DECDB7;
			productRefGroup = 822B4E6C26E9024B00DECDB7 /* Products */;
			projectDirPath = "";
			projectRoot = "";
			targets = (
				822B4E6A26E9024B00DECDB7 /* MemberWise */,
				822B4E7B26E9024C00DECDB7 /* MemberWiseTests */,
				822B4E8626E9024C00DECDB7 /* MemberWiseUITests */,
			);
		};
/* End PBXProject section */

/* Begin PBXResourcesBuildPhase section */
		822B4E6926E9024B00DECDB7 /* Resources */ = {
			isa = PBXResourcesBuildPhase;
			buildActionMask = 2147483647;
			files = (
				822B4EAB26E902A700DECDB7 /* ProximaNova-Alt-Thin.otf in Resources */,
				822B4E7626E9024C00DECDB7 /* Preview Assets.xcassets in Resources */,
				822B4EA926E902A700DECDB7 /* ProximaNova-Extrabold.otf in Resources */,
				822B4EA626E902A700DECDB7 /* ProximaNova-Semibold.otf in Resources */,
				822B4EA826E902A700DECDB7 /* ProximaNova-Black.otf in Resources */,
				822B4EAA26E902A700DECDB7 /* Proxima Nova Black.otf in Resources */,
				822B4E7326E9024C00DECDB7 /* Assets.xcassets in Resources */,
				822B4EA326E902A700DECDB7 /* ProximaNova-Regular.otf in Resources */,
				822B4EA526E902A700DECDB7 /* ProximaNova-Thin.otf in Resources */,
				822B4EA726E902A700DECDB7 /* ProximaNova-Alt-Bold.otf in Resources */,
				822B4EA426E902A700DECDB7 /* ProximaNova-Alt-Light.otf in Resources */,
			);
			runOnlyForDeploymentPostprocessing = 0;
		};
		822B4E7A26E9024C00DECDB7 /* Resources */ = {
			isa = PBXResourcesBuildPhase;
			buildActionMask = 2147483647;
			files = (
			);
			runOnlyForDeploymentPostprocessing = 0;
		};
		822B4E8526E9024C00DECDB7 /* Resources */ = {
			isa = PBXResourcesBuildPhase;
			buildActionMask = 2147483647;
			files = (
			);
			runOnlyForDeploymentPostprocessing = 0;
		};
/* End PBXResourcesBuildPhase section */

/* Begin PBXSourcesBuildPhase section */
		822B4E6726E9024B00DECDB7 /* Sources */ = {
			isa = PBXSourcesBuildPhase;
			buildActionMask = 2147483647;
			files = (
				822B4EBD26E91A6800DECDB7 /* AspectVGrid.swift in Sources */,
				822B4EBB26E903BF00DECDB7 /* CardView.swift in Sources */,
				822B4EAD26E902B700DECDB7 /* CustomFonts.swift in Sources */,
				822B4EB326E9031A00DECDB7 /* MemoryGame.swift in Sources */,
				827B0B3526E9310C0030D40C /* PieShape.swift in Sources */,
				822B4EB626E9036500DECDB7 /* EmojiMemoryGameView.swift in Sources */,
				822B4EB026E902F200DECDB7 /* View+Extensions.swift in Sources */,
				822B4E6F26E9024B00DECDB7 /* MemberWiseApp.swift in Sources */,
				822B4EB926E9039000DECDB7 /* EmojiMemoryGame.swift in Sources */,
			);
			runOnlyForDeploymentPostprocessing = 0;
		};
		822B4E7826E9024C00DECDB7 /* Sources */ = {
			isa = PBXSourcesBuildPhase;
			buildActionMask = 2147483647;
			files = (
				822B4E8126E9024C00DECDB7 /* MemberWiseTests.swift in Sources */,
			);
			runOnlyForDeploymentPostprocessing = 0;
		};
		822B4E8326E9024C00DECDB7 /* Sources */ = {
			isa = PBXSourcesBuildPhase;
			buildActionMask = 2147483647;
			files = (
				822B4E8C26E9024C00DECDB7 /* MemberWiseUITests.swift in Sources */,
			);
			runOnlyForDeploymentPostprocessing = 0;
		};
/* End PBXSourcesBuildPhase section */

/* Begin PBXTargetDependency section */
		822B4E7E26E9024C00DECDB7 /* PBXTargetDependency */ = {
			isa = PBXTargetDependency;
			target = 822B4E6A26E9024B00DECDB7 /* MemberWise */;
			targetProxy = 822B4E7D26E9024C00DECDB7 /* PBXContainerItemProxy */;
		};
		822B4E8926E9024C00DECDB7 /* PBXTargetDependency */ = {
			isa = PBXTargetDependency;
			target = 822B4E6A26E9024B00DECDB7 /* MemberWise */;
			targetProxy = 822B4E8826E9024C00DECDB7 /* PBXContainerItemProxy */;
		};
/* End PBXTargetDependency section */

/* Begin XCBuildConfiguration section */
		822B4E8E26E9024C00DECDB7 /* Debug */ = {
			isa = XCBuildConfiguration;
			buildSettings = {
				ALWAYS_SEARCH_USER_PATHS = NO;
				CLANG_ANALYZER_NONNULL = YES;
				CLANG_ANALYZER_NUMBER_OBJECT_CONVERSION = YES_AGGRESSIVE;
				CLANG_CXX_LANGUAGE_STANDARD = "gnu++14";
				CLANG_CXX_LIBRARY = "libc++";
				CLANG_ENABLE_MODULES = YES;
				CLANG_ENABLE_OBJC_ARC = YES;
				CLANG_ENABLE_OBJC_WEAK = YES;
				CLANG_WARN_BLOCK_CAPTURE_AUTORELEASING = YES;
				CLANG_WARN_BOOL_CONVERSION = YES;
				CLANG_WARN_COMMA = YES;
				CLANG_WARN_CONSTANT_CONVERSION = YES;
				CLANG_WARN_DEPRECATED_OBJC_IMPLEMENTATIONS = YES;
				CLANG_WARN_DIRECT_OBJC_ISA_USAGE = YES_ERROR;
				CLANG_WARN_DOCUMENTATION_COMMENTS = YES;
				CLANG_WARN_EMPTY_BODY = YES;
				CLANG_WARN_ENUM_CONVERSION = YES;
				CLANG_WARN_INFINITE_RECURSION = YES;
				CLANG_WARN_INT_CONVERSION = YES;
				CLANG_WARN_NON_LITERAL_NULL_CONVERSION = YES;
				CLANG_WARN_OBJC_IMPLICIT_RETAIN_SELF = YES;
				CLANG_WARN_OBJC_LITERAL_CONVERSION = YES;
				CLANG_WARN_OBJC_ROOT_CLASS = YES_ERROR;
				CLANG_WARN_QUOTED_INCLUDE_IN_FRAMEWORK_HEADER = YES;
				CLANG_WARN_RANGE_LOOP_ANALYSIS = YES;
				CLANG_WARN_STRICT_PROTOTYPES = YES;
				CLANG_WARN_SUSPICIOUS_MOVE = YES;
				CLANG_WARN_UNGUARDED_AVAILABILITY = YES_AGGRESSIVE;
				CLANG_WARN_UNREACHABLE_CODE = YES;
				CLANG_WARN__DUPLICATE_METHOD_MATCH = YES;
				COPY_PHASE_STRIP = NO;
				DEBUG_INFORMATION_FORMAT = dwarf;
				ENABLE_STRICT_OBJC_MSGSEND = YES;
				ENABLE_TESTABILITY = YES;
				GCC_C_LANGUAGE_STANDARD = gnu11;
				GCC_DYNAMIC_NO_PIC = NO;
				GCC_NO_COMMON_BLOCKS = YES;
				GCC_OPTIMIZATION_LEVEL = 0;
				GCC_PREPROCESSOR_DEFINITIONS = (
					"DEBUG=1",
					"$(inherited)",
				);
				GCC_WARN_64_TO_32_BIT_CONVERSION = YES;
				GCC_WARN_ABOUT_RETURN_TYPE = YES_ERROR;
				GCC_WARN_UNDECLARED_SELECTOR = YES;
				GCC_WARN_UNINITIALIZED_AUTOS = YES_AGGRESSIVE;
				GCC_WARN_UNUSED_FUNCTION = YES;
				GCC_WARN_UNUSED_VARIABLE = YES;
				IPHONEOS_DEPLOYMENT_TARGET = 14.5;
				MTL_ENABLE_DEBUG_INFO = INCLUDE_SOURCE;
				MTL_FAST_MATH = YES;
				ONLY_ACTIVE_ARCH = YES;
				SDKROOT = iphoneos;
				SWIFT_ACTIVE_COMPILATION_CONDITIONS = DEBUG;
				SWIFT_OPTIMIZATION_LEVEL = "-Onone";
			};
			name = Debug;
		};
		822B4E8F26E9024C00DECDB7 /* Release */ = {
			isa = XCBuildConfiguration;
			buildSettings = {
				ALWAYS_SEARCH_USER_PATHS = NO;
				CLANG_ANALYZER_NONNULL = YES;
				CLANG_ANALYZER_NUMBER_OBJECT_CONVERSION = YES_AGGRESSIVE;
				CLANG_CXX_LANGUAGE_STANDARD = "gnu++14";
				CLANG_CXX_LIBRARY = "libc++";
				CLANG_ENABLE_MODULES = YES;
				CLANG_ENABLE_OBJC_ARC = YES;
				CLANG_ENABLE_OBJC_WEAK = YES;
				CLANG_WARN_BLOCK_CAPTURE_AUTORELEASING = YES;
				CLANG_WARN_BOOL_CONVERSION = YES;
				CLANG_WARN_COMMA = YES;
				CLANG_WARN_CONSTANT_CONVERSION = YES;
				CLANG_WARN_DEPRECATED_OBJC_IMPLEMENTATIONS = YES;
				CLANG_WARN_DIRECT_OBJC_ISA_USAGE = YES_ERROR;
				CLANG_WARN_DOCUMENTATION_COMMENTS = YES;
				CLANG_WARN_EMPTY_BODY = YES;
				CLANG_WARN_ENUM_CONVERSION = YES;
				CLANG_WARN_INFINITE_RECURSION = YES;
				CLANG_WARN_INT_CONVERSION = YES;
				CLANG_WARN_NON_LITERAL_NULL_CONVERSION = YES;
				CLANG_WARN_OBJC_IMPLICIT_RETAIN_SELF = YES;
				CLANG_WARN_OBJC_LITERAL_CONVERSION = YES;
				CLANG_WARN_OBJC_ROOT_CLASS = YES_ERROR;
				CLANG_WARN_QUOTED_INCLUDE_IN_FRAMEWORK_HEADER = YES;
				CLANG_WARN_RANGE_LOOP_ANALYSIS = YES;
				CLANG_WARN_STRICT_PROTOTYPES = YES;
				CLANG_WARN_SUSPICIOUS_MOVE = YES;
				CLANG_WARN_UNGUARDED_AVAILABILITY = YES_AGGRESSIVE;
				CLANG_WARN_UNREACHABLE_CODE = YES;
				CLANG_WARN__DUPLICATE_METHOD_MATCH = YES;
				COPY_PHASE_STRIP = NO;
				DEBUG_INFORMATION_FORMAT = "dwarf-with-dsym";
				ENABLE_NS_ASSERTIONS = NO;
				ENABLE_STRICT_OBJC_MSGSEND = YES;
				GCC_C_LANGUAGE_STANDARD = gnu11;
				GCC_NO_COMMON_BLOCKS = YES;
				GCC_WARN_64_TO_32_BIT_CONVERSION = YES;
				GCC_WARN_ABOUT_RETURN_TYPE = YES_ERROR;
				GCC_WARN_UNDECLARED_SELECTOR = YES;
				GCC_WARN_UNINITIALIZED_AUTOS = YES_AGGRESSIVE;
				GCC_WARN_UNUSED_FUNCTION = YES;
				GCC_WARN_UNUSED_VARIABLE = YES;
				IPHONEOS_DEPLOYMENT_TARGET = 14.5;
				MTL_ENABLE_DEBUG_INFO = NO;
				MTL_FAST_MATH = YES;
				SDKROOT = iphoneos;
				SWIFT_COMPILATION_MODE = wholemodule;
				SWIFT_OPTIMIZATION_LEVEL = "-O";
				VALIDATE_PRODUCT = YES;
			};
			name = Release;
		};
		822B4E9126E9024C00DECDB7 /* Debug */ = {
			isa = XCBuildConfiguration;
			buildSettings = {
				ASSETCATALOG_COMPILER_APPICON_NAME = AppIcon;
				ASSETCATALOG_COMPILER_GLOBAL_ACCENT_COLOR_NAME = AccentColor;
				CODE_SIGN_STYLE = Automatic;
				DEVELOPMENT_ASSET_PATHS = "\"MemberWise/Preview Content\"";
				DEVELOPMENT_TEAM = 9C9R36NYWY;
				ENABLE_PREVIEWS = YES;
				INFOPLIST_FILE = MemberWise/Info.plist;
				IPHONEOS_DEPLOYMENT_TARGET = 14.0;
				LD_RUNPATH_SEARCH_PATHS = (
					"$(inherited)",
					"@executable_path/Frameworks",
				);
				PRODUCT_BUNDLE_IDENTIFIER = com.cedo.dev.memeberwise.MemeberWise;
				PRODUCT_NAME = "$(TARGET_NAME)";
				SWIFT_VERSION = 5.0;
				TARGETED_DEVICE_FAMILY = "1,2";
			};
			name = Debug;
		};
		822B4E9226E9024C00DECDB7 /* Release */ = {
			isa = XCBuildConfiguration;
			buildSettings = {
				ASSETCATALOG_COMPILER_APPICON_NAME = AppIcon;
				ASSETCATALOG_COMPILER_GLOBAL_ACCENT_COLOR_NAME = AccentColor;
				CODE_SIGN_STYLE = Automatic;
				DEVELOPMENT_ASSET_PATHS = "\"MemberWise/Preview Content\"";
				DEVELOPMENT_TEAM = 9C9R36NYWY;
				ENABLE_PREVIEWS = YES;
				INFOPLIST_FILE = MemberWise/Info.plist;
				IPHONEOS_DEPLOYMENT_TARGET = 14.0;
				LD_RUNPATH_SEARCH_PATHS = (
					"$(inherited)",
					"@executable_path/Frameworks",
				);
				PRODUCT_BUNDLE_IDENTIFIER = com.cedo.dev.memeberwise.MemeberWise;
				PRODUCT_NAME = "$(TARGET_NAME)";
				SWIFT_VERSION = 5.0;
				TARGETED_DEVICE_FAMILY = "1,2";
			};
			name = Release;
		};
		822B4E9426E9024C00DECDB7 /* Debug */ = {
			isa = XCBuildConfiguration;
			buildSettings = {
				ALWAYS_EMBED_SWIFT_STANDARD_LIBRARIES = YES;
				BUNDLE_LOADER = "$(TEST_HOST)";
				CODE_SIGN_STYLE = Automatic;
				DEVELOPMENT_TEAM = 9C9R36NYWY;
				INFOPLIST_FILE = MemberWiseTests/Info.plist;
				IPHONEOS_DEPLOYMENT_TARGET = 14.0;
				LD_RUNPATH_SEARCH_PATHS = (
					"$(inherited)",
					"@executable_path/Frameworks",
					"@loader_path/Frameworks",
				);
				PRODUCT_BUNDLE_IDENTIFIER = com.commonworldinc.dev.pooldrive.MemberWiseTests;
				PRODUCT_NAME = "$(TARGET_NAME)";
				SWIFT_VERSION = 5.0;
				TARGETED_DEVICE_FAMILY = "1,2";
				TEST_HOST = "$(BUILT_PRODUCTS_DIR)/MemberWise.app/MemberWise";
			};
			name = Debug;
		};
		822B4E9526E9024C00DECDB7 /* Release */ = {
			isa = XCBuildConfiguration;
			buildSettings = {
				ALWAYS_EMBED_SWIFT_STANDARD_LIBRARIES = YES;
				BUNDLE_LOADER = "$(TEST_HOST)";
				CODE_SIGN_STYLE = Automatic;
				DEVELOPMENT_TEAM = 9C9R36NYWY;
				INFOPLIST_FILE = MemberWiseTests/Info.plist;
				IPHONEOS_DEPLOYMENT_TARGET = 14.0;
				LD_RUNPATH_SEARCH_PATHS = (
					"$(inherited)",
					"@executable_path/Frameworks",
					"@loader_path/Frameworks",
				);
				PRODUCT_BUNDLE_IDENTIFIER = com.commonworldinc.dev.pooldrive.MemberWiseTests;
				PRODUCT_NAME = "$(TARGET_NAME)";
				SWIFT_VERSION = 5.0;
				TARGETED_DEVICE_FAMILY = "1,2";
				TEST_HOST = "$(BUILT_PRODUCTS_DIR)/MemberWise.app/MemberWise";
			};
			name = Release;
		};
		822B4E9726E9024C00DECDB7 /* Debug */ = {
			isa = XCBuildConfiguration;
			buildSettings = {
				ALWAYS_EMBED_SWIFT_STANDARD_LIBRARIES = YES;
				CODE_SIGN_STYLE = Automatic;
				DEVELOPMENT_TEAM = 9C9R36NYWY;
				INFOPLIST_FILE = MemberWiseUITests/Info.plist;
				LD_RUNPATH_SEARCH_PATHS = (
					"$(inherited)",
					"@executable_path/Frameworks",
					"@loader_path/Frameworks",
				);
				PRODUCT_BUNDLE_IDENTIFIER = com.commonworldinc.dev.pooldrive.MemberWiseUITests;
				PRODUCT_NAME = "$(TARGET_NAME)";
				SWIFT_VERSION = 5.0;
				TARGETED_DEVICE_FAMILY = "1,2";
				TEST_TARGET_NAME = MemberWise;
			};
			name = Debug;
		};
		822B4E9826E9024C00DECDB7 /* Release */ = {
			isa = XCBuildConfiguration;
			buildSettings = {
				ALWAYS_EMBED_SWIFT_STANDARD_LIBRARIES = YES;
				CODE_SIGN_STYLE = Automatic;
				DEVELOPMENT_TEAM = 9C9R36NYWY;
				INFOPLIST_FILE = MemberWiseUITests/Info.plist;
				LD_RUNPATH_SEARCH_PATHS = (
					"$(inherited)",
					"@executable_path/Frameworks",
					"@loader_path/Frameworks",
				);
				PRODUCT_BUNDLE_IDENTIFIER = com.commonworldinc.dev.pooldrive.MemberWiseUITests;
				PRODUCT_NAME = "$(TARGET_NAME)";
				SWIFT_VERSION = 5.0;
				TARGETED_DEVICE_FAMILY = "1,2";
				TEST_TARGET_NAME = MemberWise;
			};
			name = Release;
		};
/* End XCBuildConfiguration section */

/* Begin XCConfigurationList section */
		822B4E6626E9024B00DECDB7 /* Build configuration list for PBXProject "MemberWise" */ = {
			isa = XCConfigurationList;
			buildConfigurations = (
				822B4E8E26E9024C00DECDB7 /* Debug */,
				822B4E8F26E9024C00DECDB7 /* Release */,
			);
			defaultConfigurationIsVisible = 0;
			defaultConfigurationName = Release;
		};
		822B4E9026E9024C00DECDB7 /* Build configuration list for PBXNativeTarget "MemberWise" */ = {
			isa = XCConfigurationList;
			buildConfigurations = (
				822B4E9126E9024C00DECDB7 /* Debug */,
				822B4E9226E9024C00DECDB7 /* Release */,
			);
			defaultConfigurationIsVisible = 0;
			defaultConfigurationName = Release;
		};
		822B4E9326E9024C00DECDB7 /* Build configuration list for PBXNativeTarget "MemberWiseTests" */ = {
			isa = XCConfigurationList;
			buildConfigurations = (
				822B4E9426E9024C00DECDB7 /* Debug */,
				822B4E9526E9024C00DECDB7 /* Release */,
			);
			defaultConfigurationIsVisible = 0;
			defaultConfigurationName = Release;
		};
		822B4E9626E9024C00DECDB7 /* Build configuration list for PBXNativeTarget "MemberWiseUITests" */ = {
			isa = XCConfigurationList;
			buildConfigurations = (
				822B4E9726E9024C00DECDB7 /* Debug */,
				822B4E9826E9024C00DECDB7 /* Release */,
			);
			defaultConfigurationIsVisible = 0;
			defaultConfigurationName = Release;
		};
/* End XCConfigurationList section */
	};
	rootObject = 822B4E6326E9024B00DECDB7 /* Project object */;
}
